<?xml version="1.0" encoding="utf-8"?>
<Project ToolsVersion="4.0" xmlns="http://schemas.microsoft.com/developer/msbuild/2003">
  <ItemGroup>
    <Filter Include="Source Files">
      <UniqueIdentifier>{4FC737F1-C7A5-4376-A066-2A32D752A2FF}</UniqueIdentifier>
      <Extensions>cpp;c;cc;cxx;def;odl;idl;hpj;bat;asm;asmx</Extensions>
    </Filter>
    <Filter Include="Header Files">
      <UniqueIdentifier>{93995380-89BD-4b04-88EB-625FBE52EBFB}</UniqueIdentifier>
      <Extensions>h;hh;hpp;hxx;hm;inl;inc;ipp;xsd</Extensions>
    </Filter>
    <Filter Include="Resource Files">
      <UniqueIdentifier>{67DA6AB6-F800-4c08-8B7A-83BB121AAD01}</UniqueIdentifier>
      <Extensions>rc;ico;cur;bmp;dlg;rc2;rct;bin;rgs;gif;jpg;jpeg;jpe;resx;tiff;tif;png;wav;mfcribbon-ms</Extensions>
    </Filter>
    <Filter Include="Source Files\lib">
      <UniqueIdentifier>{8549a5ca-1605-4d27-b49f-29863cced1e6}</UniqueIdentifier>
    </Filter>
    <Filter Include="Source Files\lib\imgui">
      <UniqueIdentifier>{4e2a9246-b4e5-4de0-afea-4f3ddeb2e41c}</UniqueIdentifier>
    </Filter>
    <Filter Include="Source Files\UI">
      <UniqueIdentifier>{1156f089-2600-44ad-bfe1-aa0cd838b3ad}</UniqueIdentifier>
    </Filter>
    <Filter Include="Header Files\UI">
      <UniqueIdentifier>{7bdcb928-014a-487e-ad0a-1a008255958d}</UniqueIdentifier>
    </Filter>
  </ItemGroup>
  <ItemGroup>
    <ClCompile Include="src\main.cpp">
      <Filter>Source Files</Filter>
    </ClCompile>
    <ClCompile Include="src\ThreadPool.cpp">
      <Filter>Source Files</Filter>
    </ClCompile>
    <ClCompile Include="lib\src\glad.c">
      <Filter>Source Files\lib</Filter>
    </ClCompile>
    <ClCompile Include="src\Shader.cpp">
      <Filter>Source Files</Filter>
    </ClCompile>
    <ClCompile Include="src\OrbitCamera.cpp">
      <Filter>Source Files</Filter>
    </ClCompile>
    <ClCompile Include="src\Application.cpp">
      <Filter>Source Files</Filter>
    </ClCompile>
    <ClCompile Include="src\Plane.cpp">
      <Filter>Source Files</Filter>
    </ClCompile>
    <ClCompile Include="src\Particle.cpp">
      <Filter>Source Files</Filter>
    </ClCompile>
    <ClCompile Include="lib\src\imgui\imgui_draw.cpp">
      <Filter>Source Files\lib\imgui</Filter>
    </ClCompile>
    <ClCompile Include="lib\src\imgui\imgui_widgets.cpp">
      <Filter>Source Files\lib\imgui</Filter>
    </ClCompile>
    <ClCompile Include="lib\src\imgui\imgui.cpp">
      <Filter>Source Files\lib\imgui</Filter>
    </ClCompile>
    <ClCompile Include="lib\src\imgui\imgui_impl_opengl3.cpp">
      <Filter>Source Files\lib\imgui</Filter>
    </ClCompile>
    <ClCompile Include="lib\src\imgui\imgui_impl_glfw.cpp">
      <Filter>Source Files\lib\imgui</Filter>
    </ClCompile>
    <ClCompile Include="src\Texture.cpp">
      <Filter>Source Files</Filter>
    </ClCompile>
    <ClCompile Include="src\Snowflake.cpp">
      <Filter>Source Files</Filter>
    </ClCompile>
    <ClCompile Include="src\Random.cpp">
      <Filter>Source Files</Filter>
    </ClCompile>
    <ClCompile Include="src\UI\ParticlesWindow.cpp">
      <Filter>Source Files\UI</Filter>
    </ClCompile>
    <ClCompile Include="src\UI\PlaneWindow.cpp">
      <Filter>Source Files\UI</Filter>
    </ClCompile>
    <ClCompile Include="src\UI\DebugWindow.cpp">
      <Filter>Source Files\UI</Filter>
    </ClCompile>
    <ClCompile Include="src\ParticleEmitter.cpp">
      <Filter>Source Files</Filter>
    </ClCompile>
    <ClCompile Include="src\SnowflakeEmitter.cpp">
      <Filter>Source Files</Filter>
    </ClCompile>
    <ClCompile Include="src\FireEmitter.cpp">
      <Filter>Source Files</Filter>
    </ClCompile>
    <ClCompile Include="src\Spark.cpp">
      <Filter>Source Files</Filter>
    </ClCompile>
  </ItemGroup>
  <ItemGroup>
    <ClInclude Include="include\pch.h">
      <Filter>Header Files</Filter>
    </ClInclude>
    <ClInclude Include="include\ThreadPool.h">
      <Filter>Header Files</Filter>
    </ClInclude>
    <ClInclude Include="include\Shader.h">
      <Filter>Header Files</Filter>
    </ClInclude>
    <ClInclude Include="include\OrbitCamera.h">
      <Filter>Header Files</Filter>
    </ClInclude>
    <ClInclude Include="include\Application.h">
      <Filter>Header Files</Filter>
    </ClInclude>
    <ClInclude Include="include\Plane.h">
      <Filter>Header Files</Filter>
    </ClInclude>
    <ClInclude Include="include\Particle.h">
      <Filter>Header Files</Filter>
    </ClInclude>
    <ClInclude Include="include\Texture.h">
      <Filter>Header Files</Filter>
    </ClInclude>
    <ClInclude Include="include\Snowflake.h">
      <Filter>Header Files</Filter>
    </ClInclude>
    <ClInclude Include="include\Random.h">
      <Filter>Header Files</Filter>
    </ClInclude>
    <ClInclude Include="include\UI\ParticlesWindow.h">
      <Filter>Header Files\UI</Filter>
    </ClInclude>
    <ClInclude Include="include\UI\PlaneWindow.h">
      <Filter>Header Files\UI</Filter>
    </ClInclude>
    <ClInclude Include="include\UI\DebugWindow.h">
      <Filter>Header Files\UI</Filter>
    </ClInclude>
    <ClInclude Include="include\ParticleEmitter.h">
      <Filter>Header Files</Filter>
    </ClInclude>
    <ClInclude Include="include\SnowflakeEmitter.h">
      <Filter>Header Files</Filter>
    </ClInclude>
    <ClInclude Include="include\FireEmitter.h">
      <Filter>Header Files</Filter>
    </ClInclude>
    <ClInclude Include="include\Spark.h">
      <Filter>Header Files</Filter>
    </ClInclude>
  </ItemGroup>
</Project>